// !$*UTF8*$!
{
	archiveVersion = 1;
	classes = {
	};
	objectVersion = 48;
	objects = {

/* Begin PBXBuildFile section */
		CC6274511FD7163400433E14 /* Shades.h in Headers */ = {isa = PBXBuildFile; fileRef = CC6274431FD7163400433E14 /* Shades.h */; settings = {ATTRIBUTES = (Public, ); }; };
		CC62745D1FD7173800433E14 /* ShadesView.swift in Sources */ = {isa = PBXBuildFile; fileRef = CC62745C1FD7173800433E14 /* ShadesView.swift */; };
		CC6274651FD71B0400433E14 /* AppDelegate.swift in Sources */ = {isa = PBXBuildFile; fileRef = CC6274641FD71B0400433E14 /* AppDelegate.swift */; };
		CC6274671FD71B0400433E14 /* ViewController.swift in Sources */ = {isa = PBXBuildFile; fileRef = CC6274661FD71B0400433E14 /* ViewController.swift */; };
		CC62746A1FD71B0400433E14 /* Main.storyboard in Resources */ = {isa = PBXBuildFile; fileRef = CC6274681FD71B0400433E14 /* Main.storyboard */; };
		CC62746D1FD71B0400433E14 /* Example_App.xcdatamodeld in Sources */ = {isa = PBXBuildFile; fileRef = CC62746B1FD71B0400433E14 /* Example_App.xcdatamodeld */; };
		CC62746F1FD71B0400433E14 /* Assets.xcassets in Resources */ = {isa = PBXBuildFile; fileRef = CC62746E1FD71B0400433E14 /* Assets.xcassets */; };
		CC6274721FD71B0400433E14 /* LaunchScreen.storyboard in Resources */ = {isa = PBXBuildFile; fileRef = CC6274701FD71B0400433E14 /* LaunchScreen.storyboard */; };
		CC6274931FD71F0D00433E14 /* Shades.framework in Frameworks */ = {isa = PBXBuildFile; fileRef = CC6274401FD7163400433E14 /* Shades.framework */; };
		CC6274941FD71F0D00433E14 /* Shades.framework in Embed Frameworks */ = {isa = PBXBuildFile; fileRef = CC6274401FD7163400433E14 /* Shades.framework */; settings = {ATTRIBUTES = (CodeSignOnCopy, RemoveHeadersOnCopy, ); }; };
/* End PBXBuildFile section */

/* Begin PBXContainerItemProxy section */
		CC6274951FD71F0D00433E14 /* PBXContainerItemProxy */ = {
			isa = PBXContainerItemProxy;
			containerPortal = CC6274371FD7163400433E14 /* Project object */;
			proxyType = 1;
			remoteGlobalIDString = CC62743F1FD7163400433E14;
			remoteInfo = Shades;
		};
/* End PBXContainerItemProxy section */

/* Begin PBXCopyFilesBuildPhase section */
		CC6274971FD71F0D00433E14 /* Embed Frameworks */ = {
			isa = PBXCopyFilesBuildPhase;
			buildActionMask = 2147483647;
			dstPath = "";
			dstSubfolderSpec = 10;
			files = (
				CC6274941FD71F0D00433E14 /* Shades.framework in Embed Frameworks */,
			);
			name = "Embed Frameworks";
			runOnlyForDeploymentPostprocessing = 0;
		};
/* End PBXCopyFilesBuildPhase section */

/* Begin PBXFileReference section */
		CC6274401FD7163400433E14 /* Shades.framework */ = {isa = PBXFileReference; explicitFileType = wrapper.framework; includeInIndex = 0; path = Shades.framework; sourceTree = BUILT_PRODUCTS_DIR; };
		CC6274431FD7163400433E14 /* Shades.h */ = {isa = PBXFileReference; lastKnownFileType = sourcecode.c.h; path = Shades.h; sourceTree = "<group>"; };
		CC6274441FD7163400433E14 /* Info.plist */ = {isa = PBXFileReference; lastKnownFileType = text.plist.xml; path = Info.plist; sourceTree = "<group>"; };
		CC62745C1FD7173800433E14 /* ShadesView.swift */ = {isa = PBXFileReference; lastKnownFileType = sourcecode.swift; path = ShadesView.swift; sourceTree = "<group>"; };
		CC6274621FD71B0400433E14 /* Example App.app */ = {isa = PBXFileReference; explicitFileType = wrapper.application; includeInIndex = 0; path = "Example App.app"; sourceTree = BUILT_PRODUCTS_DIR; };
		CC6274641FD71B0400433E14 /* AppDelegate.swift */ = {isa = PBXFileReference; lastKnownFileType = sourcecode.swift; path = AppDelegate.swift; sourceTree = "<group>"; };
		CC6274661FD71B0400433E14 /* ViewController.swift */ = {isa = PBXFileReference; lastKnownFileType = sourcecode.swift; path = ViewController.swift; sourceTree = "<group>"; };
		CC6274691FD71B0400433E14 /* Base */ = {isa = PBXFileReference; lastKnownFileType = file.storyboard; name = Base; path = Base.lproj/Main.storyboard; sourceTree = "<group>"; };
		CC62746C1FD71B0400433E14 /* Example_App.xcdatamodel */ = {isa = PBXFileReference; lastKnownFileType = wrapper.xcdatamodel; path = Example_App.xcdatamodel; sourceTree = "<group>"; };
		CC62746E1FD71B0400433E14 /* Assets.xcassets */ = {isa = PBXFileReference; lastKnownFileType = folder.assetcatalog; path = Assets.xcassets; sourceTree = "<group>"; };
		CC6274711FD71B0400433E14 /* Base */ = {isa = PBXFileReference; lastKnownFileType = file.storyboard; name = Base; path = Base.lproj/LaunchScreen.storyboard; sourceTree = "<group>"; };
		CC6274731FD71B0400433E14 /* Info.plist */ = {isa = PBXFileReference; lastKnownFileType = text.plist.xml; path = Info.plist; sourceTree = "<group>"; };
/* End PBXFileReference section */

/* Begin PBXFrameworksBuildPhase section */
		CC62743C1FD7163400433E14 /* Frameworks */ = {
			isa = PBXFrameworksBuildPhase;
			buildActionMask = 2147483647;
			files = (
			);
			runOnlyForDeploymentPostprocessing = 0;
		};
		CC62745F1FD71B0400433E14 /* Frameworks */ = {
			isa = PBXFrameworksBuildPhase;
			buildActionMask = 2147483647;
			files = (
				CC6274931FD71F0D00433E14 /* Shades.framework in Frameworks */,
			);
			runOnlyForDeploymentPostprocessing = 0;
		};
/* End PBXFrameworksBuildPhase section */

/* Begin PBXGroup section */
		CC6274361FD7163400433E14 = {
			isa = PBXGroup;
			children = (
				CC6274421FD7163400433E14 /* Shades */,
				CC6274631FD71B0400433E14 /* Example App */,
				CC6274411FD7163400433E14 /* Products */,
			);
			sourceTree = "<group>";
		};
		CC6274411FD7163400433E14 /* Products */ = {
			isa = PBXGroup;
			children = (
				CC6274401FD7163400433E14 /* Shades.framework */,
				CC6274621FD71B0400433E14 /* Example App.app */,
			);
			name = Products;
			sourceTree = "<group>";
		};
		CC6274421FD7163400433E14 /* Shades */ = {
			isa = PBXGroup;
			children = (
				CC62745C1FD7173800433E14 /* ShadesView.swift */,
				CC6274431FD7163400433E14 /* Shades.h */,
				CC6274441FD7163400433E14 /* Info.plist */,
			);
			path = Shades;
			sourceTree = "<group>";
		};
		CC6274631FD71B0400433E14 /* Example App */ = {
			isa = PBXGroup;
			children = (
				CC6274641FD71B0400433E14 /* AppDelegate.swift */,
				CC6274661FD71B0400433E14 /* ViewController.swift */,
				CC6274681FD71B0400433E14 /* Main.storyboard */,
				CC62746E1FD71B0400433E14 /* Assets.xcassets */,
				CC6274701FD71B0400433E14 /* LaunchScreen.storyboard */,
				CC6274731FD71B0400433E14 /* Info.plist */,
				CC62746B1FD71B0400433E14 /* Example_App.xcdatamodeld */,
			);
			path = "Example App";
			sourceTree = "<group>";
		};
/* End PBXGroup section */

/* Begin PBXHeadersBuildPhase section */
		CC62743D1FD7163400433E14 /* Headers */ = {
			isa = PBXHeadersBuildPhase;
			buildActionMask = 2147483647;
			files = (
				CC6274511FD7163400433E14 /* Shades.h in Headers */,
			);
			runOnlyForDeploymentPostprocessing = 0;
		};
/* End PBXHeadersBuildPhase section */

/* Begin PBXNativeTarget section */
		CC62743F1FD7163400433E14 /* Shades */ = {
			isa = PBXNativeTarget;
			buildConfigurationList = CC6274541FD7163400433E14 /* Build configuration list for PBXNativeTarget "Shades" */;
			buildPhases = (
				CC62743B1FD7163400433E14 /* Sources */,
				CC62743C1FD7163400433E14 /* Frameworks */,
				CC62743D1FD7163400433E14 /* Headers */,
				CC62743E1FD7163400433E14 /* Resources */,
			);
			buildRules = (
			);
			dependencies = (
			);
			name = Shades;
			productName = Shades;
			productReference = CC6274401FD7163400433E14 /* Shades.framework */;
			productType = "com.apple.product-type.framework";
		};
		CC6274611FD71B0400433E14 /* Example App */ = {
			isa = PBXNativeTarget;
			buildConfigurationList = CC62748A1FD71B0500433E14 /* Build configuration list for PBXNativeTarget "Example App" */;
			buildPhases = (
				CC62745E1FD71B0400433E14 /* Sources */,
				CC62745F1FD71B0400433E14 /* Frameworks */,
				CC6274601FD71B0400433E14 /* Resources */,
				CC6274971FD71F0D00433E14 /* Embed Frameworks */,
			);
			buildRules = (
			);
			dependencies = (
				CC6274961FD71F0D00433E14 /* PBXTargetDependency */,
			);
			name = "Example App";
			productName = "Example App";
			productReference = CC6274621FD71B0400433E14 /* Example App.app */;
			productType = "com.apple.product-type.application";
		};
/* End PBXNativeTarget section */

/* Begin PBXProject section */
		CC6274371FD7163400433E14 /* Project object */ = {
			isa = PBXProject;
			attributes = {
				LastSwiftUpdateCheck = 0910;
				LastUpgradeCheck = 0910;
				ORGANIZATIONNAME = "Aaron Sutton";
				TargetAttributes = {
					CC62743F1FD7163400433E14 = {
						CreatedOnToolsVersion = 9.1;
						LastSwiftMigration = 0910;
						ProvisioningStyle = Automatic;
					};
					CC6274611FD71B0400433E14 = {
						CreatedOnToolsVersion = 9.1;
						ProvisioningStyle = Automatic;
					};
				};
			};
			buildConfigurationList = CC62743A1FD7163400433E14 /* Build configuration list for PBXProject "Shades" */;
			compatibilityVersion = "Xcode 8.0";
			developmentRegion = en;
			hasScannedForEncodings = 0;
			knownRegions = (
				en,
				Base,
			);
			mainGroup = CC6274361FD7163400433E14;
			productRefGroup = CC6274411FD7163400433E14 /* Products */;
			projectDirPath = "";
			projectRoot = "";
			targets = (
				CC62743F1FD7163400433E14 /* Shades */,
				CC6274611FD71B0400433E14 /* Example App */,
			);
		};
/* End PBXProject section */

/* Begin PBXResourcesBuildPhase section */
		CC62743E1FD7163400433E14 /* Resources */ = {
			isa = PBXResourcesBuildPhase;
			buildActionMask = 2147483647;
			files = (
			);
			runOnlyForDeploymentPostprocessing = 0;
		};
		CC6274601FD71B0400433E14 /* Resources */ = {
			isa = PBXResourcesBuildPhase;
			buildActionMask = 2147483647;
			files = (
				CC6274721FD71B0400433E14 /* LaunchScreen.storyboard in Resources */,
				CC62746F1FD71B0400433E14 /* Assets.xcassets in Resources */,
				CC62746A1FD71B0400433E14 /* Main.storyboard in Resources */,
			);
			runOnlyForDeploymentPostprocessing = 0;
		};
/* End PBXResourcesBuildPhase section */

/* Begin PBXSourcesBuildPhase section */
		CC62743B1FD7163400433E14 /* Sources */ = {
			isa = PBXSourcesBuildPhase;
			buildActionMask = 2147483647;
			files = (
				CC62745D1FD7173800433E14 /* ShadesView.swift in Sources */,
			);
			runOnlyForDeploymentPostprocessing = 0;
		};
		CC62745E1FD71B0400433E14 /* Sources */ = {
			isa = PBXSourcesBuildPhase;
			buildActionMask = 2147483647;
			files = (
				CC62746D1FD71B0400433E14 /* Example_App.xcdatamodeld in Sources */,
				CC6274671FD71B0400433E14 /* ViewController.swift in Sources */,
				CC6274651FD71B0400433E14 /* AppDelegate.swift in Sources */,
			);
			runOnlyForDeploymentPostprocessing = 0;
		};
/* End PBXSourcesBuildPhase section */

/* Begin PBXTargetDependency section */
		CC6274961FD71F0D00433E14 /* PBXTargetDependency */ = {
			isa = PBXTargetDependency;
			target = CC62743F1FD7163400433E14 /* Shades */;
			targetProxy = CC6274951FD71F0D00433E14 /* PBXContainerItemProxy */;
		};
/* End PBXTargetDependency section */

/* Begin PBXVariantGroup section */
		CC6274681FD71B0400433E14 /* Main.storyboard */ = {
			isa = PBXVariantGroup;
			children = (
				CC6274691FD71B0400433E14 /* Base */,
			);
			name = Main.storyboard;
			sourceTree = "<group>";
		};
		CC6274701FD71B0400433E14 /* LaunchScreen.storyboard */ = {
			isa = PBXVariantGroup;
			children = (
				CC6274711FD71B0400433E14 /* Base */,
			);
			name = LaunchScreen.storyboard;
			sourceTree = "<group>";
		};
/* End PBXVariantGroup section */

/* Begin XCBuildConfiguration section */
		CC6274521FD7163400433E14 /* Debug */ = {
			isa = XCBuildConfiguration;
			buildSettings = {
				ALWAYS_SEARCH_USER_PATHS = NO;
				CLANG_ANALYZER_NONNULL = YES;
				CLANG_ANALYZER_NUMBER_OBJECT_CONVERSION = YES_AGGRESSIVE;
				CLANG_CXX_LANGUAGE_STANDARD = "gnu++14";
				CLANG_CXX_LIBRARY = "libc++";
				CLANG_ENABLE_MODULES = YES;
				CLANG_ENABLE_OBJC_ARC = YES;
				CLANG_WARN_BLOCK_CAPTURE_AUTORELEASING = YES;
				CLANG_WARN_BOOL_CONVERSION = YES;
				CLANG_WARN_COMMA = YES;
				CLANG_WARN_CONSTANT_CONVERSION = YES;
				CLANG_WARN_DIRECT_OBJC_ISA_USAGE = YES_ERROR;
				CLANG_WARN_DOCUMENTATION_COMMENTS = YES;
				CLANG_WARN_EMPTY_BODY = YES;
				CLANG_WARN_ENUM_CONVERSION = YES;
				CLANG_WARN_INFINITE_RECURSION = YES;
				CLANG_WARN_INT_CONVERSION = YES;
				CLANG_WARN_NON_LITERAL_NULL_CONVERSION = YES;
				CLANG_WARN_OBJC_LITERAL_CONVERSION = YES;
				CLANG_WARN_OBJC_ROOT_CLASS = YES_ERROR;
				CLANG_WARN_RANGE_LOOP_ANALYSIS = YES;
				CLANG_WARN_STRICT_PROTOTYPES = YES;
				CLANG_WARN_SUSPICIOUS_MOVE = YES;
				CLANG_WARN_UNGUARDED_AVAILABILITY = YES_AGGRESSIVE;
				CLANG_WARN_UNREACHABLE_CODE = YES;
				CLANG_WARN__DUPLICATE_METHOD_MATCH = YES;
				CODE_SIGN_IDENTITY = "iPhone Developer";
				COPY_PHASE_STRIP = NO;
				CURRENT_PROJECT_VERSION = 1;
				DEBUG_INFORMATION_FORMAT = dwarf;
				ENABLE_STRICT_OBJC_MSGSEND = YES;
				ENABLE_TESTABILITY = YES;
				GCC_C_LANGUAGE_STANDARD = gnu11;
				GCC_DYNAMIC_NO_PIC = NO;
				GCC_NO_COMMON_BLOCKS = YES;
				GCC_OPTIMIZATION_LEVEL = 0;
				GCC_PREPROCESSOR_DEFINITIONS = (
					"DEBUG=1",
					"$(inherited)",
				);
				GCC_WARN_64_TO_32_BIT_CONVERSION = YES;
				GCC_WARN_ABOUT_RETURN_TYPE = YES_ERROR;
				GCC_WARN_UNDECLARED_SELECTOR = YES;
				GCC_WARN_UNINITIALIZED_AUTOS = YES_AGGRESSIVE;
				GCC_WARN_UNUSED_FUNCTION = YES;
				GCC_WARN_UNUSED_VARIABLE = YES;
				IPHONEOS_DEPLOYMENT_TARGET = 11.1;
				MTL_ENABLE_DEBUG_INFO = YES;
				ONLY_ACTIVE_ARCH = YES;
				SDKROOT = iphoneos;
				SWIFT_ACTIVE_COMPILATION_CONDITIONS = DEBUG;
				SWIFT_OPTIMIZATION_LEVEL = "-Onone";
				VERSIONING_SYSTEM = "apple-generic";
				VERSION_INFO_PREFIX = "";
			};
			name = Debug;
		};
		CC6274531FD7163400433E14 /* Release */ = {
			isa = XCBuildConfiguration;
			buildSettings = {
				ALWAYS_SEARCH_USER_PATHS = NO;
				CLANG_ANALYZER_NONNULL = YES;
				CLANG_ANALYZER_NUMBER_OBJECT_CONVERSION = YES_AGGRESSIVE;
				CLANG_CXX_LANGUAGE_STANDARD = "gnu++14";
				CLANG_CXX_LIBRARY = "libc++";
				CLANG_ENABLE_MODULES = YES;
				CLANG_ENABLE_OBJC_ARC = YES;
				CLANG_WARN_BLOCK_CAPTURE_AUTORELEASING = YES;
				CLANG_WARN_BOOL_CONVERSION = YES;
				CLANG_WARN_COMMA = YES;
				CLANG_WARN_CONSTANT_CONVERSION = YES;
				CLANG_WARN_DIRECT_OBJC_ISA_USAGE = YES_ERROR;
				CLANG_WARN_DOCUMENTATION_COMMENTS = YES;
				CLANG_WARN_EMPTY_BODY = YES;
				CLANG_WARN_ENUM_CONVERSION = YES;
				CLANG_WARN_INFINITE_RECURSION = YES;
				CLANG_WARN_INT_CONVERSION = YES;
				CLANG_WARN_NON_LITERAL_NULL_CONVERSION = YES;
				CLANG_WARN_OBJC_LITERAL_CONVERSION = YES;
				CLANG_WARN_OBJC_ROOT_CLASS = YES_ERROR;
				CLANG_WARN_RANGE_LOOP_ANALYSIS = YES;
				CLANG_WARN_STRICT_PROTOTYPES = YES;
				CLANG_WARN_SUSPICIOUS_MOVE = YES;
				CLANG_WARN_UNGUARDED_AVAILABILITY = YES_AGGRESSIVE;
				CLANG_WARN_UNREACHABLE_CODE = YES;
				CLANG_WARN__DUPLICATE_METHOD_MATCH = YES;
				CODE_SIGN_IDENTITY = "iPhone Developer";
				COPY_PHASE_STRIP = NO;
				CURRENT_PROJECT_VERSION = 1;
				DEBUG_INFORMATION_FORMAT = "dwarf-with-dsym";
				ENABLE_NS_ASSERTIONS = NO;
				ENABLE_STRICT_OBJC_MSGSEND = YES;
				GCC_C_LANGUAGE_STANDARD = gnu11;
				GCC_NO_COMMON_BLOCKS = YES;
				GCC_WARN_64_TO_32_BIT_CONVERSION = YES;
				GCC_WARN_ABOUT_RETURN_TYPE = YES_ERROR;
				GCC_WARN_UNDECLARED_SELECTOR = YES;
				GCC_WARN_UNINITIALIZED_AUTOS = YES_AGGRESSIVE;
				GCC_WARN_UNUSED_FUNCTION = YES;
				GCC_WARN_UNUSED_VARIABLE = YES;
				IPHONEOS_DEPLOYMENT_TARGET = 11.1;
				MTL_ENABLE_DEBUG_INFO = NO;
				SDKROOT = iphoneos;
				SWIFT_OPTIMIZATION_LEVEL = "-Owholemodule";
				VALIDATE_PRODUCT = YES;
				VERSIONING_SYSTEM = "apple-generic";
				VERSION_INFO_PREFIX = "";
			};
			name = Release;
		};
		CC6274551FD7163400433E14 /* Debug */ = {
			isa = XCBuildConfiguration;
			buildSettings = {
				CLANG_ENABLE_MODULES = YES;
				CODE_SIGN_IDENTITY = "";
				CODE_SIGN_STYLE = Automatic;
				DEFINES_MODULE = YES;
				DEVELOPMENT_TEAM = 79S8R8WVLX;
				DYLIB_COMPATIBILITY_VERSION = 1;
				DYLIB_CURRENT_VERSION = 1;
				DYLIB_INSTALL_NAME_BASE = "@rpath";
				INFOPLIST_FILE = Shades/Info.plist;
				INSTALL_PATH = "$(LOCAL_LIBRARY_DIR)/Frameworks";
				LD_RUNPATH_SEARCH_PATHS = "$(inherited) @executable_path/Frameworks @loader_path/Frameworks";
				PRODUCT_BUNDLE_IDENTIFIER = com.aaronjsutton.Shades;
				PRODUCT_NAME = "$(TARGET_NAME:c99extidentifier)";
				SKIP_INSTALL = YES;
				SWIFT_OPTIMIZATION_LEVEL = "-Onone";
				SWIFT_VERSION = 4.0;
				TARGETED_DEVICE_FAMILY = "1,2";
			};
			name = Debug;
		};
		CC6274561FD7163400433E14 /* Release */ = {
			isa = XCBuildConfiguration;
			buildSettings = {
				CLANG_ENABLE_MODULES = YES;
				CODE_SIGN_IDENTITY = "";
				CODE_SIGN_STYLE = Automatic;
				DEFINES_MODULE = YES;
				DEVELOPMENT_TEAM = 79S8R8WVLX;
				DYLIB_COMPATIBILITY_VERSION = 1;
				DYLIB_CURRENT_VERSION = 1;
				DYLIB_INSTALL_NAME_BASE = "@rpath";
				INFOPLIST_FILE = Shades/Info.plist;
				INSTALL_PATH = "$(LOCAL_LIBRARY_DIR)/Frameworks";
				LD_RUNPATH_SEARCH_PATHS = "$(inherited) @executable_path/Frameworks @loader_path/Frameworks";
				PRODUCT_BUNDLE_IDENTIFIER = com.aaronjsutton.Shades;
				PRODUCT_NAME = "$(TARGET_NAME:c99extidentifier)";
				SKIP_INSTALL = YES;
				SWIFT_VERSION = 4.0;
				TARGETED_DEVICE_FAMILY = "1,2";
			};
			name = Release;
		};
		CC62748B1FD71B0500433E14 /* Debug */ = {
			isa = XCBuildConfiguration;
			buildSettings = {
				ALWAYS_EMBED_SWIFT_STANDARD_LIBRARIES = YES;
				ASSETCATALOG_COMPILER_APPICON_NAME = AppIcon;
				CODE_SIGN_STYLE = Automatic;
				DEVELOPMENT_TEAM = 79S8R8WVLX;
				INFOPLIST_FILE = "Example App/Info.plist";
				LD_RUNPATH_SEARCH_PATHS = "$(inherited) @executable_path/Frameworks";
				PRODUCT_BUNDLE_IDENTIFIER = "com.aaronjsutton.Example-App";
				PRODUCT_NAME = "$(TARGET_NAME)";
				SWIFT_VERSION = 4.0;
				TARGETED_DEVICE_FAMILY = "1,2";
			};
			name = Debug;
		};
		CC62748C1FD71B0500433E14 /* Release */ = {
			isa = XCBuildConfiguration;
			buildSettings = {
				ALWAYS_EMBED_SWIFT_STANDARD_LIBRARIES = YES;
				ASSETCATALOG_COMPILER_APPICON_NAME = AppIcon;
				CODE_SIGN_STYLE = Automatic;
				DEVELOPMENT_TEAM = 79S8R8WVLX;
				INFOPLIST_FILE = "Example App/Info.plist";
				LD_RUNPATH_SEARCH_PATHS = "$(inherited) @executable_path/Frameworks";
				PRODUCT_BUNDLE_IDENTIFIER = "com.aaronjsutton.Example-App";
				PRODUCT_NAME = "$(TARGET_NAME)";
				SWIFT_VERSION = 4.0;
				TARGETED_DEVICE_FAMILY = "1,2";
			};
			name = Release;
		};
/* End XCBuildConfiguration section */

/* Begin XCConfigurationList section */
		CC62743A1FD7163400433E14 /* Build configuration list for PBXProject "Shades" */ = {
			isa = XCConfigurationList;
			buildConfigurations = (
				CC6274521FD7163400433E14 /* Debug */,
				CC6274531FD7163400433E14 /* Release */,
			);
			defaultConfigurationIsVisible = 0;
			defaultConfigurationName = Release;
		};
		CC6274541FD7163400433E14 /* Build configuration list for PBXNativeTarget "Shades" */ = {
			isa = XCConfigurationList;
			buildConfigurations = (
				CC6274551FD7163400433E14 /* Debug */,
				CC6274561FD7163400433E14 /* Release */,
			);
			defaultConfigurationIsVisible = 0;
			defaultConfigurationName = Release;
		};
		CC62748A1FD71B0500433E14 /* Build configuration list for PBXNativeTarget "Example App" */ = {
			isa = XCConfigurationList;
			buildConfigurations = (
				CC62748B1FD71B0500433E14 /* Debug */,
				CC62748C1FD71B0500433E14 /* Release */,
			);
			defaultConfigurationIsVisible = 0;
			defaultConfigurationName = Release;
		};
/* End XCConfigurationList section */

/* Begin XCVersionGroup section */
		CC62746B1FD71B0400433E14 /* Example_App.xcdatamodeld */ = {
			isa = XCVersionGroup;
			children = (
				CC62746C1FD71B0400433E14 /* Example_App.xcdatamodel */,
			);
			currentVersion = CC62746C1FD71B0400433E14 /* Example_App.xcdatamodel */;
			path = Example_App.xcdatamodeld;
			sourceTree = "<group>";
			versionGroupType = wrapper.xcdatamodel;
		};
/* End XCVersionGroup section */
	};
	rootObject = CC6274371FD7163400433E14 /* Project object */;
}
